
Microsoft Visual Studio Solution File, Format Version 12.00
# Visual Studio Version 17
VisualStudioVersion = 17.14.36310.24 d17.14
MinimumVisualStudioVersion = 10.0.40219.1
Project("{FAE04EC0-301F-11D3-BF4B-00C04F79EFBC}") = "BlazorWebAppWithBrandingAuth", "BlazorWebAppWithBrandingAuth\BlazorWebAppWithBrandingAuth.csproj", "{643FC9FB-AE57-4E28-9E8E-CF9B6C4C96F1}"
EndProject
Project("{FAE04EC0-301F-11D3-BF4B-00C04F79EFBC}") = "BlazorWebAppWithBrandingAuth.Client", "BlazorWebAppWithBrandingAuth.Client\BlazorWebAppWithBrandingAuth.Client.csproj", "{C416D2D8-EF75-4D67-8054-78311C41379E}"
EndProject
Global
	GlobalSection(SolutionConfigurationPlatforms) = preSolution
		Debug|Any CPU = Debug|Any CPU
		Release|Any CPU = Release|Any CPU
	EndGlobalSection
	GlobalSection(ProjectConfigurationPlatforms) = postSolution
		{643FC9FB-AE57-4E28-9E8E-CF9B6C4C96F1}.Debug|Any CPU.ActiveCfg = Debug|Any CPU
		{643FC9FB-AE57-4E28-9E8E-CF9B6C4C96F1}.Debug|Any CPU.Build.0 = Debug|Any CPU
		{643FC9FB-AE57-4E28-9E8E-CF9B6C4C96F1}.Release|Any CPU.ActiveCfg = Release|Any CPU
		{643FC9FB-AE57-4E28-9E8E-CF9B6C4C96F1}.Release|Any CPU.Build.0 = Release|Any CPU
		{C416D2D8-EF75-4D67-8054-78311C41379E}.Debug|Any CPU.ActiveCfg = Debug|Any CPU
		{C416D2D8-EF75-4D67-8054-78311C41379E}.Debug|Any CPU.Build.0 = Debug|Any CPU
		{C416D2D8-EF75-4D67-8054-78311C41379E}.Release|Any CPU.ActiveCfg = Release|Any CPU
		{C416D2D8-EF75-4D67-8054-78311C41379E}.Release|Any CPU.Build.0 = Release|Any CPU
	EndGlobalSection
	GlobalSection(SolutionProperties) = preSolution
		HideSolutionNode = FALSE
	EndGlobalSection
	GlobalSection(ExtensibilityGlobals) = postSolution
		SolutionGuid = {19504340-182F-4D6D-B385-9DE5CE9E4CF4}
	EndGlobalSection
EndGlobal
